
Microsoft Visual Studio Solution File, Format Version 12.00
# Visual Studio Version 16
VisualStudioVersion = 16.0.31321.278
MinimumVisualStudioVersion = 10.0.40219.1
Project("{9A19103F-16F7-4668-BE54-9A1E7A4F7556}") = "BookStore.Sample.Function", "BookStore.Sample.Function.csproj", "{803D9413-FD6B-4711-BBF4-7DCBCC2BABBF}"
EndProject
Global
	GlobalSection(SolutionConfigurationPlatforms) = preSolution
		Debug|Any CPU = Debug|Any CPU
		Release|Any CPU = Release|Any CPU
	EndGlobalSection
	GlobalSection(ProjectConfigurationPlatforms) = postSolution
		{803D9413-FD6B-4711-BBF4-7DCBCC2BABBF}.Debug|Any CPU.ActiveCfg = Debug|Any CPU
		{803D9413-FD6B-4711-BBF4-7DCBCC2BABBF}.Debug|Any CPU.Build.0 = Debug|Any CPU
		{803D9413-FD6B-4711-BBF4-7DCBCC2BABBF}.Release|Any CPU.ActiveCfg = Release|Any CPU
		{803D9413-FD6B-4711-BBF4-7DCBCC2BABBF}.Release|Any CPU.Build.0 = Release|Any CPU
	EndGlobalSection
	GlobalSection(SolutionProperties) = preSolution
		HideSolutionNode = FALSE
	EndGlobalSection
	GlobalSection(ExtensibilityGlobals) = postSolution
		SolutionGuid = {DEAAB5BC-0900-4AAE-B348-3D17F7D9DCE3}
	EndGlobalSection
EndGlobal
