
Microsoft Visual Studio Solution File, Format Version 12.00
# Visual Studio Version 17
VisualStudioVersion = 17.0.32112.339
MinimumVisualStudioVersion = 10.0.40219.1
Project("{9A19103F-16F7-4668-BE54-9A1E7A4F7556}") = "BookStore.Api", "BookStore.Api.csproj", "{28389120-C6D6-4A73-A2A2-B5F4CB40CB49}"
EndProject
Global
	GlobalSection(SolutionConfigurationPlatforms) = preSolution
		Debug|Any CPU = Debug|Any CPU
		Release|Any CPU = Release|Any CPU
	EndGlobalSection
	GlobalSection(ProjectConfigurationPlatforms) = postSolution
		{28389120-C6D6-4A73-A2A2-B5F4CB40CB49}.Debug|Any CPU.ActiveCfg = Debug|Any CPU
		{28389120-C6D6-4A73-A2A2-B5F4CB40CB49}.Debug|Any CPU.Build.0 = Debug|Any CPU
		{28389120-C6D6-4A73-A2A2-B5F4CB40CB49}.Release|Any CPU.ActiveCfg = Release|Any CPU
		{28389120-C6D6-4A73-A2A2-B5F4CB40CB49}.Release|Any CPU.Build.0 = Release|Any CPU
	EndGlobalSection
	GlobalSection(SolutionProperties) = preSolution
		HideSolutionNode = FALSE
	EndGlobalSection
	GlobalSection(ExtensibilityGlobals) = postSolution
		SolutionGuid = {4D78AE95-074D-44F8-AF6C-F65EEBEA5195}
	EndGlobalSection
EndGlobal
